<?xml version="1.0" encoding="utf-8"?>
<Project ToolsVersion="17.0" xmlns="http://schemas.microsoft.com/developer/msbuild/2003">
  <ItemGroup>
    <CustomBuild Include="C:\Users\yiqin\source\repos\VulkanPractice\CMakeFiles\d68219e5e2036c4b4a829b094ec934df\INSTALL_force.rule">
      <Filter>CMake Rules</Filter>
    </CustomBuild>
  </ItemGroup>
  <ItemGroup>
    <Filter Include="CMake Rules">
      <UniqueIdentifier>{EFE040BE-9719-3BAF-90B4-D4114DDE403E}</UniqueIdentifier>
    </Filter>
  </ItemGroup>
</Project>
