
Microsoft Visual Studio Solution File, Format Version 12.00
# Visual Studio Version 17
Project("{2150E333-8FDC-42A3-9474-1A3956D46DE8}") = "CMakePredefinedTargets", "CMakePredefinedTargets", "{26AF0173-7851-302E-BB47-AA317C7911DC}"
EndProject
Project("{2150E333-8FDC-42A3-9474-1A3956D46DE8}") = "GLFW3", "GLFW3", "{C098FAF2-2F24-3309-9185-28C49A82313D}"
EndProject
Project("{8BC9CEB8-8B4A-11D0-8D11-00A0C91BC942}") = "ALL_BUILD", "ALL_BUILD.vcxproj", "{713F5F66-166C-3DD4-B7F5-CBEBEF81049F}"
	ProjectSection(ProjectDependencies) = postProject
		{3B94710C-E820-3B81-A731-238D7C0832F1} = {3B94710C-E820-3B81-A731-238D7C0832F1}
		{D76291E3-D013-3D95-94E0-090F5D7DAB16} = {D76291E3-D013-3D95-94E0-090F5D7DAB16}
		{DB26A4C3-20FC-3354-979A-26EA71110EFE} = {DB26A4C3-20FC-3354-979A-26EA71110EFE}
	EndProjectSection
EndProject
Project("{8BC9CEB8-8B4A-11D0-8D11-00A0C91BC942}") = "INSTALL", "INSTALL.vcxproj", "{55B7B749-0123-378D-856D-858E2E3C25AE}"
	ProjectSection(ProjectDependencies) = postProject
		{713F5F66-166C-3DD4-B7F5-CBEBEF81049F} = {713F5F66-166C-3DD4-B7F5-CBEBEF81049F}
		{D76291E3-D013-3D95-94E0-090F5D7DAB16} = {D76291E3-D013-3D95-94E0-090F5D7DAB16}
	EndProjectSection
EndProject
Project("{8BC9CEB8-8B4A-11D0-8D11-00A0C91BC942}") = "VulkanPractice", "VulkanPractice\VulkanPractice.vcxproj", "{3B94710C-E820-3B81-A731-238D7C0832F1}"
	ProjectSection(ProjectDependencies) = postProject
		{D76291E3-D013-3D95-94E0-090F5D7DAB16} = {D76291E3-D013-3D95-94E0-090F5D7DAB16}
	EndProjectSection
EndProject
Project("{8BC9CEB8-8B4A-11D0-8D11-00A0C91BC942}") = "ZERO_CHECK", "ZERO_CHECK.vcxproj", "{D76291E3-D013-3D95-94E0-090F5D7DAB16}"
	ProjectSection(ProjectDependencies) = postProject
	EndProjectSection
EndProject
Project("{8BC9CEB8-8B4A-11D0-8D11-00A0C91BC942}") = "glfw", "external\glfw\src\glfw.vcxproj", "{DB26A4C3-20FC-3354-979A-26EA71110EFE}"
	ProjectSection(ProjectDependencies) = postProject
		{D76291E3-D013-3D95-94E0-090F5D7DAB16} = {D76291E3-D013-3D95-94E0-090F5D7DAB16}
	EndProjectSection
EndProject
Project("{8BC9CEB8-8B4A-11D0-8D11-00A0C91BC942}") = "uninstall", "external\glfw\uninstall.vcxproj", "{735E2907-9C48-3FAC-935C-D8B3213A9095}"
	ProjectSection(ProjectDependencies) = postProject
		{D76291E3-D013-3D95-94E0-090F5D7DAB16} = {D76291E3-D013-3D95-94E0-090F5D7DAB16}
	EndProjectSection
EndProject
Project("{8BC9CEB8-8B4A-11D0-8D11-00A0C91BC942}") = "update_mappings", "external\glfw\src\update_mappings.vcxproj", "{846B3E94-2E10-3D3D-B2B7-7718FDFDD377}"
	ProjectSection(ProjectDependencies) = postProject
		{D76291E3-D013-3D95-94E0-090F5D7DAB16} = {D76291E3-D013-3D95-94E0-090F5D7DAB16}
	EndProjectSection
EndProject
Global
	GlobalSection(SolutionConfigurationPlatforms) = preSolution
		Debug|x64 = Debug|x64
		Release|x64 = Release|x64
		MinSizeRel|x64 = MinSizeRel|x64
		RelWithDebInfo|x64 = RelWithDebInfo|x64
	EndGlobalSection
	GlobalSection(ProjectConfigurationPlatforms) = postSolution
		{713F5F66-166C-3DD4-B7F5-CBEBEF81049F}.Debug|x64.ActiveCfg = Debug|x64
		{713F5F66-166C-3DD4-B7F5-CBEBEF81049F}.Debug|x64.Build.0 = Debug|x64
		{713F5F66-166C-3DD4-B7F5-CBEBEF81049F}.Release|x64.ActiveCfg = Release|x64
		{713F5F66-166C-3DD4-B7F5-CBEBEF81049F}.Release|x64.Build.0 = Release|x64
		{713F5F66-166C-3DD4-B7F5-CBEBEF81049F}.MinSizeRel|x64.ActiveCfg = MinSizeRel|x64
		{713F5F66-166C-3DD4-B7F5-CBEBEF81049F}.MinSizeRel|x64.Build.0 = MinSizeRel|x64
		{713F5F66-166C-3DD4-B7F5-CBEBEF81049F}.RelWithDebInfo|x64.ActiveCfg = RelWithDebInfo|x64
		{713F5F66-166C-3DD4-B7F5-CBEBEF81049F}.RelWithDebInfo|x64.Build.0 = RelWithDebInfo|x64
		{55B7B749-0123-378D-856D-858E2E3C25AE}.Debug|x64.ActiveCfg = Debug|x64
		{55B7B749-0123-378D-856D-858E2E3C25AE}.Release|x64.ActiveCfg = Release|x64
		{55B7B749-0123-378D-856D-858E2E3C25AE}.MinSizeRel|x64.ActiveCfg = MinSizeRel|x64
		{55B7B749-0123-378D-856D-858E2E3C25AE}.RelWithDebInfo|x64.ActiveCfg = RelWithDebInfo|x64
		{3B94710C-E820-3B81-A731-238D7C0832F1}.Debug|x64.ActiveCfg = Debug|x64
		{3B94710C-E820-3B81-A731-238D7C0832F1}.Debug|x64.Build.0 = Debug|x64
		{3B94710C-E820-3B81-A731-238D7C0832F1}.Release|x64.ActiveCfg = Release|x64
		{3B94710C-E820-3B81-A731-238D7C0832F1}.Release|x64.Build.0 = Release|x64
		{3B94710C-E820-3B81-A731-238D7C0832F1}.MinSizeRel|x64.ActiveCfg = MinSizeRel|x64
		{3B94710C-E820-3B81-A731-238D7C0832F1}.MinSizeRel|x64.Build.0 = MinSizeRel|x64
		{3B94710C-E820-3B81-A731-238D7C0832F1}.RelWithDebInfo|x64.ActiveCfg = RelWithDebInfo|x64
		{3B94710C-E820-3B81-A731-238D7C0832F1}.RelWithDebInfo|x64.Build.0 = RelWithDebInfo|x64
		{D76291E3-D013-3D95-94E0-090F5D7DAB16}.Debug|x64.ActiveCfg = Debug|x64
		{D76291E3-D013-3D95-94E0-090F5D7DAB16}.Debug|x64.Build.0 = Debug|x64
		{D76291E3-D013-3D95-94E0-090F5D7DAB16}.Release|x64.ActiveCfg = Release|x64
		{D76291E3-D013-3D95-94E0-090F5D7DAB16}.Release|x64.Build.0 = Release|x64
		{D76291E3-D013-3D95-94E0-090F5D7DAB16}.MinSizeRel|x64.ActiveCfg = MinSizeRel|x64
		{D76291E3-D013-3D95-94E0-090F5D7DAB16}.MinSizeRel|x64.Build.0 = MinSizeRel|x64
		{D76291E3-D013-3D95-94E0-090F5D7DAB16}.RelWithDebInfo|x64.ActiveCfg = RelWithDebInfo|x64
		{D76291E3-D013-3D95-94E0-090F5D7DAB16}.RelWithDebInfo|x64.Build.0 = RelWithDebInfo|x64
		{DB26A4C3-20FC-3354-979A-26EA71110EFE}.Debug|x64.ActiveCfg = Debug|x64
		{DB26A4C3-20FC-3354-979A-26EA71110EFE}.Debug|x64.Build.0 = Debug|x64
		{DB26A4C3-20FC-3354-979A-26EA71110EFE}.Release|x64.ActiveCfg = Release|x64
		{DB26A4C3-20FC-3354-979A-26EA71110EFE}.Release|x64.Build.0 = Release|x64
		{DB26A4C3-20FC-3354-979A-26EA71110EFE}.MinSizeRel|x64.ActiveCfg = MinSizeRel|x64
		{DB26A4C3-20FC-3354-979A-26EA71110EFE}.MinSizeRel|x64.Build.0 = MinSizeRel|x64
		{DB26A4C3-20FC-3354-979A-26EA71110EFE}.RelWithDebInfo|x64.ActiveCfg = RelWithDebInfo|x64
		{DB26A4C3-20FC-3354-979A-26EA71110EFE}.RelWithDebInfo|x64.Build.0 = RelWithDebInfo|x64
		{735E2907-9C48-3FAC-935C-D8B3213A9095}.Debug|x64.ActiveCfg = Debug|x64
		{735E2907-9C48-3FAC-935C-D8B3213A9095}.Release|x64.ActiveCfg = Release|x64
		{735E2907-9C48-3FAC-935C-D8B3213A9095}.MinSizeRel|x64.ActiveCfg = MinSizeRel|x64
		{735E2907-9C48-3FAC-935C-D8B3213A9095}.RelWithDebInfo|x64.ActiveCfg = RelWithDebInfo|x64
		{846B3E94-2E10-3D3D-B2B7-7718FDFDD377}.Debug|x64.ActiveCfg = Debug|x64
		{846B3E94-2E10-3D3D-B2B7-7718FDFDD377}.Release|x64.ActiveCfg = Release|x64
		{846B3E94-2E10-3D3D-B2B7-7718FDFDD377}.MinSizeRel|x64.ActiveCfg = MinSizeRel|x64
		{846B3E94-2E10-3D3D-B2B7-7718FDFDD377}.RelWithDebInfo|x64.ActiveCfg = RelWithDebInfo|x64
	EndGlobalSection
	GlobalSection(NestedProjects) = preSolution
		{713F5F66-166C-3DD4-B7F5-CBEBEF81049F} = {26AF0173-7851-302E-BB47-AA317C7911DC}
		{55B7B749-0123-378D-856D-858E2E3C25AE} = {26AF0173-7851-302E-BB47-AA317C7911DC}
		{D76291E3-D013-3D95-94E0-090F5D7DAB16} = {26AF0173-7851-302E-BB47-AA317C7911DC}
		{DB26A4C3-20FC-3354-979A-26EA71110EFE} = {C098FAF2-2F24-3309-9185-28C49A82313D}
		{735E2907-9C48-3FAC-935C-D8B3213A9095} = {C098FAF2-2F24-3309-9185-28C49A82313D}
		{846B3E94-2E10-3D3D-B2B7-7718FDFDD377} = {C098FAF2-2F24-3309-9185-28C49A82313D}
	EndGlobalSection
	GlobalSection(ExtensibilityGlobals) = postSolution
		SolutionGuid = {9DC3E1EF-FC41-36AF-805B-44755EEA52D1}
	EndGlobalSection
	GlobalSection(ExtensibilityAddIns) = postSolution
	EndGlobalSection
EndGlobal
